// !$*UTF8*$!
{
	archiveVersion = 1;
	classes = {
	};
	objectVersion = 56;
	objects = {

/* Begin PBXBuildFile section */
		048B4A5D93FE40C550C455BB /* ViewController.swift in Sources */ = {isa = PBXBuildFile; fileRef = A453EBF099BD5124DE24D9B7 /* ViewController.swift */; };
		0C813E6E9103AB4B9F5A468B /* DishAssembly.swift in Sources */ = {isa = PBXBuildFile; fileRef = 360AA94681008C7ACC8E5CEF /* DishAssembly.swift */; };
		1DECCD35A4C3EB27A4AA7C7D /* YandexMobileAdsPackage in Frameworks */ = {isa = PBXBuildFile; productRef = 51925352891C77D148F13082 /* YandexMobileAdsPackage */; };
		1EDF8E36886174986C72D5FC /* LikeViewController.swift in Sources */ = {isa = PBXBuildFile; fileRef = A1D0E6D25B879ECF3D26C4BA /* LikeViewController.swift */; };
		20FBCC17A4019C81536079A7 /* DishViewController.swift in Sources */ = {isa = PBXBuildFile; fileRef = C4FBAC1DCC7D088485CB113F /* DishViewController.swift */; };
		2231C7FABBFC42157BFFC254 /* ProfileInput.swift in Sources */ = {isa = PBXBuildFile; fileRef = 533D82DE528C4DE417C0E2DF /* ProfileInput.swift */; };
		2547932AA0D9D7E0C7280241 /* BasketAssembly.swift in Sources */ = {isa = PBXBuildFile; fileRef = C9615BE836A02D0A73ABA146 /* BasketAssembly.swift */; };
		29E1E878E4E49FD9A1498F84 /* LikeInput.swift in Sources */ = {isa = PBXBuildFile; fileRef = 46CF306C535DE48B691D1D2C /* LikeInput.swift */; };
		2C3B35DC814958C222A0466F /* AppDelegate.swift in Sources */ = {isa = PBXBuildFile; fileRef = 3C0D9AF0FC152983AE036AAB /* AppDelegate.swift */; };
		376DFD40F20D311CE2362987 /* LikePresenterProtocol.swift in Sources */ = {isa = PBXBuildFile; fileRef = 12880395D8FA02CDD5F0B3DC /* LikePresenterProtocol.swift */; };
		469F7C8534F58521DF9C5926 /* ProfileViewController.swift in Sources */ = {isa = PBXBuildFile; fileRef = DDE2E3680A93DF6AF3815C29 /* ProfileViewController.swift */; };
		4DC72857DD8AE421DBE7958C /* TabBarViewController.swift in Sources */ = {isa = PBXBuildFile; fileRef = BFE9FFACA2942D659FFD5DED /* TabBarViewController.swift */; };
		53A9CDB094C2F2B4B9C99AB2 /* LikeAssembly.swift in Sources */ = {isa = PBXBuildFile; fileRef = E9DC17A1E31ADB9B6585B4E1 /* LikeAssembly.swift */; };
		54E0683E6B63238A34818DFE /* TabBarInput.swift in Sources */ = {isa = PBXBuildFile; fileRef = 58BD9F7C1F54F59351074546 /* TabBarInput.swift */; };
		5E18354B4A1E6DDD56E7A3DA /* ProductsPresenter.swift in Sources */ = {isa = PBXBuildFile; fileRef = 03A0F8667AF2DA48BDD6909F /* ProductsPresenter.swift */; };
		64568D66941CD42275689266 /* TabBarPresenter.swift in Sources */ = {isa = PBXBuildFile; fileRef = 3C291F503F9D566929573101 /* TabBarPresenter.swift */; };
		65635211D14A38021AF7BEA1 /* LikePresenter.swift in Sources */ = {isa = PBXBuildFile; fileRef = 4B863C06996B8FA639504CA5 /* LikePresenter.swift */; };
		67FF9D1917864AD1B073CCF2 /* ProfileAssembly.swift in Sources */ = {isa = PBXBuildFile; fileRef = 7299998011B8C1B72E2FB380 /* ProfileAssembly.swift */; };
		69D5198FEB7CC48763ACBA51 /* ProfilePresenter.swift in Sources */ = {isa = PBXBuildFile; fileRef = 2BF761DE3B48CE6DF9AB959F /* ProfilePresenter.swift */; };
		69FB13ADA86F0763777C698B /* ProductsViewController.swift in Sources */ = {isa = PBXBuildFile; fileRef = A69860DE912BA5F7DA9DA4CD /* ProductsViewController.swift */; };
		6D167183B3F71889040143F6 /* BasketViewController.swift in Sources */ = {isa = PBXBuildFile; fileRef = 92FADBEDA7650C2E67026329 /* BasketViewController.swift */; };
		7621D5A62BC7E8AD002DCBE9 /* MobileAdsBundle.bundle in Resources */ = {isa = PBXBuildFile; fileRef = 7621D5A52BC7E8AD002DCBE9 /* MobileAdsBundle.bundle */; };
		7F16AE1E62CC6A246B6A7448 /* BasketPresenter.swift in Sources */ = {isa = PBXBuildFile; fileRef = 4147BAD6EAD31206391DAD4E /* BasketPresenter.swift */; };
		81CF5FEE4EA3BA4946466BF2 /* DishFinderCore.framework in Frameworks */ = {isa = PBXBuildFile; fileRef = 80AAC3FFEF87CEE8F517E4A1 /* DishFinderCore.framework */; };
		9135E6DE92A5773AC95F76F5 /* DishFinderUI.framework in Frameworks */ = {isa = PBXBuildFile; fileRef = FC31B0D9F34C1F1221FE0735 /* DishFinderUI.framework */; };
		92179C89F4F93447EEB65C57 /* TuistAssets+DishFinder.swift in Sources */ = {isa = PBXBuildFile; fileRef = 26D42461F979D49B802E6FF8 /* TuistAssets+DishFinder.swift */; };
		9916F0A744C46D55C5F10278 /* DishInput.swift in Sources */ = {isa = PBXBuildFile; fileRef = 57B8F55EE00810475CE1D1D5 /* DishInput.swift */; };
		9F1E8AC0552C87F085C2D1BB /* Assets.xcassets in Resources */ = {isa = PBXBuildFile; fileRef = 0BFDF7B1C0A514CAC064576F /* Assets.xcassets */; };
		A575E14E94AD2A8246E06193 /* ProductsPresenterProtocol.swift in Sources */ = {isa = PBXBuildFile; fileRef = B5C6169F155FDF234378088B /* ProductsPresenterProtocol.swift */; };
		A8B47715AA85DA243B7BE576 /* ProductsInput.swift in Sources */ = {isa = PBXBuildFile; fileRef = F22974FAD28A12C67077FCD4 /* ProductsInput.swift */; };
		AA989236A6599928B66F7722 /* ProfilePresenterProtocol.swift in Sources */ = {isa = PBXBuildFile; fileRef = E01344EA3ADE6B77070C063C /* ProfilePresenterProtocol.swift */; };
		B11D975CDE977947E5657F3C /* LaunchScreen.storyboard in Resources */ = {isa = PBXBuildFile; fileRef = 6C5EF22230A77A66905FBAEE /* LaunchScreen.storyboard */; };
		B9C5CDF459AC56E14B2125CA /* BasketInput.swift in Sources */ = {isa = PBXBuildFile; fileRef = CD20E08693BACDEAADCD768A /* BasketInput.swift */; };
		BC69512F57C6823ADF76AB2A /* RegisterAssembly.swift in Sources */ = {isa = PBXBuildFile; fileRef = 16EFEA5584C264649861EB72 /* RegisterAssembly.swift */; };
		C657AB129A48A99E1647717B /* DishPresenterProtocol.swift in Sources */ = {isa = PBXBuildFile; fileRef = 72C5BA9EBC460BFA6E085049 /* DishPresenterProtocol.swift */; };
		E499C45B75BB41866EC08F7A /* DishPresenter.swift in Sources */ = {isa = PBXBuildFile; fileRef = AECE7E693B86A43982BA2AE5 /* DishPresenter.swift */; };
		EC34D489990193AF9857ED78 /* BasketPresenterProtocol.swift in Sources */ = {isa = PBXBuildFile; fileRef = E449692A5E2BBDC5D776431B /* BasketPresenterProtocol.swift */; };
		F32058C24DC4F5C05335FBA6 /* ProductsAssembly.swift in Sources */ = {isa = PBXBuildFile; fileRef = 04DBE7422BA643A00D217AA1 /* ProductsAssembly.swift */; };
		F40D829B002FE225CB4CC130 /* TabBarPresenterProtocol.swift in Sources */ = {isa = PBXBuildFile; fileRef = D36D2DD4B9CD6383B2D5587B /* TabBarPresenterProtocol.swift */; };
		FDDB7078B3FB634280010DFE /* TuistBundle+DishFinder.swift in Sources */ = {isa = PBXBuildFile; fileRef = 1E5A3CE49840584728933517 /* TuistBundle+DishFinder.swift */; };
		FEEFAAA35004F9228196E908 /* TabBarAssembly.swift in Sources */ = {isa = PBXBuildFile; fileRef = 1F8BCAE35C91BB8830323C35 /* TabBarAssembly.swift */; };
		FF046250E50065D00C3F7F52 /* DishFinderDI.framework in Frameworks */ = {isa = PBXBuildFile; fileRef = 19420DFB1B07A3FE289E0F91 /* DishFinderDI.framework */; };
/* End PBXBuildFile section */

/* Begin PBXCopyFilesBuildPhase section */
		AF40F2B4BB6B7F282CEA24A3 /* Embed Frameworks */ = {
			isa = PBXCopyFilesBuildPhase;
			buildActionMask = 2147483647;
			dstPath = "";
			dstSubfolderSpec = 10;
			files = (
			);
			name = "Embed Frameworks";
			runOnlyForDeploymentPostprocessing = 0;
		};
/* End PBXCopyFilesBuildPhase section */

/* Begin PBXFileReference section */
		03A0F8667AF2DA48BDD6909F /* ProductsPresenter.swift */ = {isa = PBXFileReference; lastKnownFileType = sourcecode.swift; path = ProductsPresenter.swift; sourceTree = "<group>"; };
		04DBE7422BA643A00D217AA1 /* ProductsAssembly.swift */ = {isa = PBXFileReference; lastKnownFileType = sourcecode.swift; path = ProductsAssembly.swift; sourceTree = "<group>"; };
		0BFDF7B1C0A514CAC064576F /* Assets.xcassets */ = {isa = PBXFileReference; lastKnownFileType = folder.assetcatalog; path = Assets.xcassets; sourceTree = "<group>"; };
		12880395D8FA02CDD5F0B3DC /* LikePresenterProtocol.swift */ = {isa = PBXFileReference; lastKnownFileType = sourcecode.swift; path = LikePresenterProtocol.swift; sourceTree = "<group>"; };
		16EFEA5584C264649861EB72 /* RegisterAssembly.swift */ = {isa = PBXFileReference; lastKnownFileType = sourcecode.swift; path = RegisterAssembly.swift; sourceTree = "<group>"; };
		19420DFB1B07A3FE289E0F91 /* DishFinderDI.framework */ = {isa = PBXFileReference; explicitFileType = wrapper.framework; includeInIndex = 0; path = DishFinderDI.framework; sourceTree = BUILT_PRODUCTS_DIR; };
		1E5A3CE49840584728933517 /* TuistBundle+DishFinder.swift */ = {isa = PBXFileReference; lastKnownFileType = sourcecode.swift; path = "TuistBundle+DishFinder.swift"; sourceTree = "<group>"; };
		1F8BCAE35C91BB8830323C35 /* TabBarAssembly.swift */ = {isa = PBXFileReference; lastKnownFileType = sourcecode.swift; path = TabBarAssembly.swift; sourceTree = "<group>"; };
		26D42461F979D49B802E6FF8 /* TuistAssets+DishFinder.swift */ = {isa = PBXFileReference; lastKnownFileType = sourcecode.swift; path = "TuistAssets+DishFinder.swift"; sourceTree = "<group>"; };
		2BF761DE3B48CE6DF9AB959F /* ProfilePresenter.swift */ = {isa = PBXFileReference; lastKnownFileType = sourcecode.swift; path = ProfilePresenter.swift; sourceTree = "<group>"; };
		360AA94681008C7ACC8E5CEF /* DishAssembly.swift */ = {isa = PBXFileReference; lastKnownFileType = sourcecode.swift; path = DishAssembly.swift; sourceTree = "<group>"; };
		3C0D9AF0FC152983AE036AAB /* AppDelegate.swift */ = {isa = PBXFileReference; lastKnownFileType = sourcecode.swift; path = AppDelegate.swift; sourceTree = "<group>"; };
		3C291F503F9D566929573101 /* TabBarPresenter.swift */ = {isa = PBXFileReference; lastKnownFileType = sourcecode.swift; path = TabBarPresenter.swift; sourceTree = "<group>"; };
		4147BAD6EAD31206391DAD4E /* BasketPresenter.swift */ = {isa = PBXFileReference; lastKnownFileType = sourcecode.swift; path = BasketPresenter.swift; sourceTree = "<group>"; };
		46CF306C535DE48B691D1D2C /* LikeInput.swift */ = {isa = PBXFileReference; lastKnownFileType = sourcecode.swift; path = LikeInput.swift; sourceTree = "<group>"; };
		4B863C06996B8FA639504CA5 /* LikePresenter.swift */ = {isa = PBXFileReference; lastKnownFileType = sourcecode.swift; path = LikePresenter.swift; sourceTree = "<group>"; };
		533D82DE528C4DE417C0E2DF /* ProfileInput.swift */ = {isa = PBXFileReference; lastKnownFileType = sourcecode.swift; path = ProfileInput.swift; sourceTree = "<group>"; };
		57B8F55EE00810475CE1D1D5 /* DishInput.swift */ = {isa = PBXFileReference; lastKnownFileType = sourcecode.swift; path = DishInput.swift; sourceTree = "<group>"; };
		58BD9F7C1F54F59351074546 /* TabBarInput.swift */ = {isa = PBXFileReference; lastKnownFileType = sourcecode.swift; path = TabBarInput.swift; sourceTree = "<group>"; };
		6C5EF22230A77A66905FBAEE /* LaunchScreen.storyboard */ = {isa = PBXFileReference; lastKnownFileType = file.storyboard; path = LaunchScreen.storyboard; sourceTree = "<group>"; };
		7299998011B8C1B72E2FB380 /* ProfileAssembly.swift */ = {isa = PBXFileReference; lastKnownFileType = sourcecode.swift; path = ProfileAssembly.swift; sourceTree = "<group>"; };
		72C5BA9EBC460BFA6E085049 /* DishPresenterProtocol.swift */ = {isa = PBXFileReference; lastKnownFileType = sourcecode.swift; path = DishPresenterProtocol.swift; sourceTree = "<group>"; };
		7621D5A52BC7E8AD002DCBE9 /* MobileAdsBundle.bundle */ = {isa = PBXFileReference; lastKnownFileType = "wrapper.plug-in"; path = MobileAdsBundle.bundle; sourceTree = "<group>"; };
		80A357464472CD61491F7E6E /* DishFinder.app */ = {isa = PBXFileReference; explicitFileType = wrapper.application; includeInIndex = 0; path = DishFinder.app; sourceTree = BUILT_PRODUCTS_DIR; };
		80AAC3FFEF87CEE8F517E4A1 /* DishFinderCore.framework */ = {isa = PBXFileReference; explicitFileType = wrapper.framework; includeInIndex = 0; path = DishFinderCore.framework; sourceTree = BUILT_PRODUCTS_DIR; };
		83A162D34F77A299A030170D /* Info.plist */ = {isa = PBXFileReference; lastKnownFileType = text.plist; path = Info.plist; sourceTree = "<group>"; };
		92FADBEDA7650C2E67026329 /* BasketViewController.swift */ = {isa = PBXFileReference; lastKnownFileType = sourcecode.swift; path = BasketViewController.swift; sourceTree = "<group>"; };
		A1D0E6D25B879ECF3D26C4BA /* LikeViewController.swift */ = {isa = PBXFileReference; lastKnownFileType = sourcecode.swift; path = LikeViewController.swift; sourceTree = "<group>"; };
		A453EBF099BD5124DE24D9B7 /* ViewController.swift */ = {isa = PBXFileReference; lastKnownFileType = sourcecode.swift; path = ViewController.swift; sourceTree = "<group>"; };
		A69860DE912BA5F7DA9DA4CD /* ProductsViewController.swift */ = {isa = PBXFileReference; lastKnownFileType = sourcecode.swift; path = ProductsViewController.swift; sourceTree = "<group>"; };
		AECE7E693B86A43982BA2AE5 /* DishPresenter.swift */ = {isa = PBXFileReference; lastKnownFileType = sourcecode.swift; path = DishPresenter.swift; sourceTree = "<group>"; };
		B5C6169F155FDF234378088B /* ProductsPresenterProtocol.swift */ = {isa = PBXFileReference; lastKnownFileType = sourcecode.swift; path = ProductsPresenterProtocol.swift; sourceTree = "<group>"; };
		BFE9FFACA2942D659FFD5DED /* TabBarViewController.swift */ = {isa = PBXFileReference; lastKnownFileType = sourcecode.swift; path = TabBarViewController.swift; sourceTree = "<group>"; };
		C4FBAC1DCC7D088485CB113F /* DishViewController.swift */ = {isa = PBXFileReference; lastKnownFileType = sourcecode.swift; path = DishViewController.swift; sourceTree = "<group>"; };
		C9615BE836A02D0A73ABA146 /* BasketAssembly.swift */ = {isa = PBXFileReference; lastKnownFileType = sourcecode.swift; path = BasketAssembly.swift; sourceTree = "<group>"; };
		CD20E08693BACDEAADCD768A /* BasketInput.swift */ = {isa = PBXFileReference; lastKnownFileType = sourcecode.swift; path = BasketInput.swift; sourceTree = "<group>"; };
		D36D2DD4B9CD6383B2D5587B /* TabBarPresenterProtocol.swift */ = {isa = PBXFileReference; lastKnownFileType = sourcecode.swift; path = TabBarPresenterProtocol.swift; sourceTree = "<group>"; };
		DDE2E3680A93DF6AF3815C29 /* ProfileViewController.swift */ = {isa = PBXFileReference; lastKnownFileType = sourcecode.swift; path = ProfileViewController.swift; sourceTree = "<group>"; };
		E01344EA3ADE6B77070C063C /* ProfilePresenterProtocol.swift */ = {isa = PBXFileReference; lastKnownFileType = sourcecode.swift; path = ProfilePresenterProtocol.swift; sourceTree = "<group>"; };
		E449692A5E2BBDC5D776431B /* BasketPresenterProtocol.swift */ = {isa = PBXFileReference; lastKnownFileType = sourcecode.swift; path = BasketPresenterProtocol.swift; sourceTree = "<group>"; };
		E9DC17A1E31ADB9B6585B4E1 /* LikeAssembly.swift */ = {isa = PBXFileReference; lastKnownFileType = sourcecode.swift; path = LikeAssembly.swift; sourceTree = "<group>"; };
		F22974FAD28A12C67077FCD4 /* ProductsInput.swift */ = {isa = PBXFileReference; lastKnownFileType = sourcecode.swift; path = ProductsInput.swift; sourceTree = "<group>"; };
		FC31B0D9F34C1F1221FE0735 /* DishFinderUI.framework */ = {isa = PBXFileReference; explicitFileType = wrapper.framework; includeInIndex = 0; path = DishFinderUI.framework; sourceTree = BUILT_PRODUCTS_DIR; };
/* End PBXFileReference section */

/* Begin PBXFrameworksBuildPhase section */
		820AF0375A0B0A4FDBC470C0 /* Frameworks */ = {
			isa = PBXFrameworksBuildPhase;
			buildActionMask = 2147483647;
			files = (
				81CF5FEE4EA3BA4946466BF2 /* DishFinderCore.framework in Frameworks */,
				FF046250E50065D00C3F7F52 /* DishFinderDI.framework in Frameworks */,
				9135E6DE92A5773AC95F76F5 /* DishFinderUI.framework in Frameworks */,
				1DECCD35A4C3EB27A4AA7C7D /* YandexMobileAdsPackage in Frameworks */,
			);
			runOnlyForDeploymentPostprocessing = 0;
		};
/* End PBXFrameworksBuildPhase section */

/* Begin PBXGroup section */
		0203EA59790FB1428196FAEB /* View */ = {
			isa = PBXGroup;
			children = (
				F22974FAD28A12C67077FCD4 /* ProductsInput.swift */,
				A69860DE912BA5F7DA9DA4CD /* ProductsViewController.swift */,
			);
			path = View;
			sourceTree = "<group>";
		};
		07EA29BB0942BC4A287167BE /* Derived */ = {
			isa = PBXGroup;
			children = (
				F2954B8422CBE02262F0CAFC /* Sources */,
			);
			path = Derived;
			sourceTree = "<group>";
		};
		09CE02CB201D4C7896C9E0F6 /* LikeModule */ = {
			isa = PBXGroup;
			children = (
				791DBE99EF3063DF6F9B62CD /* Presenter */,
				D3608B1C10BFBA37F4778113 /* View */,
			);
			path = LikeModule;
			sourceTree = "<group>";
		};
		17222C16D6F2383E66750FCF /* ProductsModule */ = {
			isa = PBXGroup;
			children = (
				19DF6AAF6D7DC891C81ADD9A /* Presenter */,
				0203EA59790FB1428196FAEB /* View */,
			);
			path = ProductsModule;
			sourceTree = "<group>";
		};
		19DF6AAF6D7DC891C81ADD9A /* Presenter */ = {
			isa = PBXGroup;
			children = (
				03A0F8667AF2DA48BDD6909F /* ProductsPresenter.swift */,
				B5C6169F155FDF234378088B /* ProductsPresenterProtocol.swift */,
			);
			path = Presenter;
			sourceTree = "<group>";
		};
		1ABD27AD210BA969F6C2685E /* Cache */ = {
			isa = PBXGroup;
			children = (
			);
			name = Cache;
			sourceTree = "<group>";
		};
		25803AD468F5D153D9D1E2FC /* AssemblyModule */ = {
			isa = PBXGroup;
			children = (
				75E1DB3156777EE8B227ACBE /* Assemblies */,
				D25A989893F44C18D392C8D5 /* AssemblyServices */,
			);
			path = AssemblyModule;
			sourceTree = "<group>";
		};
		2E7B22B10C59AB8C7CCA7288 /* View */ = {
			isa = PBXGroup;
			children = (
				57B8F55EE00810475CE1D1D5 /* DishInput.swift */,
				C4FBAC1DCC7D088485CB113F /* DishViewController.swift */,
			);
			path = View;
			sourceTree = "<group>";
		};
		4709F84399CD16AF62F820C0 /* TabBarModule */ = {
			isa = PBXGroup;
			children = (
				B60ABB71527E56246C9F5AC1 /* Presenter */,
				941598CA7F4278BA3A2CB0F6 /* View */,
			);
			path = TabBarModule;
			sourceTree = "<group>";
		};
		4D2296718A6D4FFCD26DF6B9 /* DishFinder */ = {
			isa = PBXGroup;
			children = (
				85B9201CA4E0CDA419AB6CD5 /* Resources */,
				7EA5C6F7778C02CBDF5698FA /* Sources */,
				83A162D34F77A299A030170D /* Info.plist */,
			);
			path = DishFinder;
			sourceTree = "<group>";
		};
		7245FD0F11EDC0898D31A728 /* View */ = {
			isa = PBXGroup;
			children = (
				533D82DE528C4DE417C0E2DF /* ProfileInput.swift */,
				DDE2E3680A93DF6AF3815C29 /* ProfileViewController.swift */,
			);
			path = View;
			sourceTree = "<group>";
		};
		75E1DB3156777EE8B227ACBE /* Assemblies */ = {
			isa = PBXGroup;
			children = (
				C9615BE836A02D0A73ABA146 /* BasketAssembly.swift */,
				360AA94681008C7ACC8E5CEF /* DishAssembly.swift */,
				E9DC17A1E31ADB9B6585B4E1 /* LikeAssembly.swift */,
				04DBE7422BA643A00D217AA1 /* ProductsAssembly.swift */,
				7299998011B8C1B72E2FB380 /* ProfileAssembly.swift */,
				1F8BCAE35C91BB8830323C35 /* TabBarAssembly.swift */,
			);
			path = Assemblies;
			sourceTree = "<group>";
		};
		791DBE99EF3063DF6F9B62CD /* Presenter */ = {
			isa = PBXGroup;
			children = (
				4B863C06996B8FA639504CA5 /* LikePresenter.swift */,
				12880395D8FA02CDD5F0B3DC /* LikePresenterProtocol.swift */,
			);
			path = Presenter;
			sourceTree = "<group>";
		};
		7A202AE922D7A0227D9672FB /* Presenter */ = {
			isa = PBXGroup;
			children = (
				4147BAD6EAD31206391DAD4E /* BasketPresenter.swift */,
				E449692A5E2BBDC5D776431B /* BasketPresenterProtocol.swift */,
			);
			path = Presenter;
			sourceTree = "<group>";
		};
		7EA5C6F7778C02CBDF5698FA /* Sources */ = {
			isa = PBXGroup;
			children = (
				9E760891E74BDEF0B97907CD /* App */,
				25803AD468F5D153D9D1E2FC /* AssemblyModule */,
				A8326D803FC3224822ADEA86 /* BasketModule */,
				84A91F8134BDB6F0E1C686F0 /* DishModule */,
				09CE02CB201D4C7896C9E0F6 /* LikeModule */,
				17222C16D6F2383E66750FCF /* ProductsModule */,
				E994772F16A4605255C4E7F9 /* ProfileModule */,
				4709F84399CD16AF62F820C0 /* TabBarModule */,
				A453EBF099BD5124DE24D9B7 /* ViewController.swift */,
			);
			path = Sources;
			sourceTree = "<group>";
		};
		84A91F8134BDB6F0E1C686F0 /* DishModule */ = {
			isa = PBXGroup;
			children = (
				BB4CF56B2C200FCBA580AF75 /* Presenter */,
				2E7B22B10C59AB8C7CCA7288 /* View */,
			);
			path = DishModule;
			sourceTree = "<group>";
		};
		85B9201CA4E0CDA419AB6CD5 /* Resources */ = {
			isa = PBXGroup;
			children = (
				0BFDF7B1C0A514CAC064576F /* Assets.xcassets */,
				6C5EF22230A77A66905FBAEE /* LaunchScreen.storyboard */,
			);
			path = Resources;
			sourceTree = "<group>";
		};
		941598CA7F4278BA3A2CB0F6 /* View */ = {
			isa = PBXGroup;
			children = (
				58BD9F7C1F54F59351074546 /* TabBarInput.swift */,
				BFE9FFACA2942D659FFD5DED /* TabBarViewController.swift */,
			);
			path = View;
			sourceTree = "<group>";
		};
		94A576BB0296B5265FA6E6B5 = {
			isa = PBXGroup;
			children = (
				7621D5A52BC7E8AD002DCBE9 /* MobileAdsBundle.bundle */,
				EA55BE2EDECB90019FE53A57 /* Project */,
				DF63527B5E496B606891E4A1 /* Frameworks */,
				1ABD27AD210BA969F6C2685E /* Cache */,
				F3402561177C770726D47867 /* Products */,
			);
			sourceTree = "<group>";
		};
		9E760891E74BDEF0B97907CD /* App */ = {
			isa = PBXGroup;
			children = (
				3C0D9AF0FC152983AE036AAB /* AppDelegate.swift */,
			);
			path = App;
			sourceTree = "<group>";
		};
		A8326D803FC3224822ADEA86 /* BasketModule */ = {
			isa = PBXGroup;
			children = (
				7A202AE922D7A0227D9672FB /* Presenter */,
				BE94BFC33D43C54819DAF7DB /* View */,
			);
			path = BasketModule;
			sourceTree = "<group>";
		};
		B60ABB71527E56246C9F5AC1 /* Presenter */ = {
			isa = PBXGroup;
			children = (
				3C291F503F9D566929573101 /* TabBarPresenter.swift */,
				D36D2DD4B9CD6383B2D5587B /* TabBarPresenterProtocol.swift */,
			);
			path = Presenter;
			sourceTree = "<group>";
		};
		BB4CF56B2C200FCBA580AF75 /* Presenter */ = {
			isa = PBXGroup;
			children = (
				AECE7E693B86A43982BA2AE5 /* DishPresenter.swift */,
				72C5BA9EBC460BFA6E085049 /* DishPresenterProtocol.swift */,
			);
			path = Presenter;
			sourceTree = "<group>";
		};
		BE94BFC33D43C54819DAF7DB /* View */ = {
			isa = PBXGroup;
			children = (
				CD20E08693BACDEAADCD768A /* BasketInput.swift */,
				92FADBEDA7650C2E67026329 /* BasketViewController.swift */,
			);
			path = View;
			sourceTree = "<group>";
		};
		D25A989893F44C18D392C8D5 /* AssemblyServices */ = {
			isa = PBXGroup;
			children = (
				16EFEA5584C264649861EB72 /* RegisterAssembly.swift */,
			);
			path = AssemblyServices;
			sourceTree = "<group>";
		};
		D33D25CA8530838530AEE9A1 /* Presenter */ = {
			isa = PBXGroup;
			children = (
				2BF761DE3B48CE6DF9AB959F /* ProfilePresenter.swift */,
				E01344EA3ADE6B77070C063C /* ProfilePresenterProtocol.swift */,
			);
			path = Presenter;
			sourceTree = "<group>";
		};
		D3608B1C10BFBA37F4778113 /* View */ = {
			isa = PBXGroup;
			children = (
				46CF306C535DE48B691D1D2C /* LikeInput.swift */,
				A1D0E6D25B879ECF3D26C4BA /* LikeViewController.swift */,
			);
			path = View;
			sourceTree = "<group>";
		};
		DF63527B5E496B606891E4A1 /* Frameworks */ = {
			isa = PBXGroup;
			children = (
			);
			name = Frameworks;
			sourceTree = "<group>";
		};
		E994772F16A4605255C4E7F9 /* ProfileModule */ = {
			isa = PBXGroup;
			children = (
				D33D25CA8530838530AEE9A1 /* Presenter */,
				7245FD0F11EDC0898D31A728 /* View */,
			);
			path = ProfileModule;
			sourceTree = "<group>";
		};
		EA55BE2EDECB90019FE53A57 /* Project */ = {
			isa = PBXGroup;
			children = (
				07EA29BB0942BC4A287167BE /* Derived */,
				4D2296718A6D4FFCD26DF6B9 /* DishFinder */,
			);
			name = Project;
			sourceTree = "<group>";
		};
		F2954B8422CBE02262F0CAFC /* Sources */ = {
			isa = PBXGroup;
			children = (
				26D42461F979D49B802E6FF8 /* TuistAssets+DishFinder.swift */,
				1E5A3CE49840584728933517 /* TuistBundle+DishFinder.swift */,
			);
			path = Sources;
			sourceTree = "<group>";
		};
		F3402561177C770726D47867 /* Products */ = {
			isa = PBXGroup;
			children = (
				80A357464472CD61491F7E6E /* DishFinder.app */,
				80AAC3FFEF87CEE8F517E4A1 /* DishFinderCore.framework */,
				19420DFB1B07A3FE289E0F91 /* DishFinderDI.framework */,
				FC31B0D9F34C1F1221FE0735 /* DishFinderUI.framework */,
			);
			name = Products;
			sourceTree = "<group>";
		};
/* End PBXGroup section */

/* Begin PBXNativeTarget section */
		DD65FB976A781FD6AE359B67 /* DishFinder */ = {
			isa = PBXNativeTarget;
			buildConfigurationList = 2EC4F30562EDA4DC21BE35BF /* Build configuration list for PBXNativeTarget "DishFinder" */;
			buildPhases = (
				9E8E83F0C5C9277948E9382F /* Sources */,
				CD70E11701084FDD61CC4D4A /* Resources */,
				AF40F2B4BB6B7F282CEA24A3 /* Embed Frameworks */,
				820AF0375A0B0A4FDBC470C0 /* Frameworks */,
				0554275B375391224B114635 /* swiftLintScript */,
			);
			buildRules = (
			);
			dependencies = (
			);
			name = DishFinder;
			packageProductDependencies = (
				51925352891C77D148F13082 /* YandexMobileAdsPackage */,
			);
			productName = DishFinder;
			productReference = 80A357464472CD61491F7E6E /* DishFinder.app */;
			productType = "com.apple.product-type.application";
		};
/* End PBXNativeTarget section */

/* Begin PBXProject section */
		93FE8FCB5B74FC26BC3E4260 /* Project object */ = {
			isa = PBXProject;
			attributes = {
				BuildIndependentTargetsInParallel = YES;
			};
			buildConfigurationList = 7FC85DBF287A9183B70349F9 /* Build configuration list for PBXProject "DishFinder" */;
			compatibilityVersion = "Xcode 14.0";
			developmentRegion = en;
			hasScannedForEncodings = 0;
			knownRegions = (
				Base,
				en,
			);
			mainGroup = 94A576BB0296B5265FA6E6B5;
			packageReferences = (
				1C888D7E49FB69C0E647A1B0 /* XCRemoteSwiftPackageReference "yandex-ads-sdk-ios" */,
			);
			productRefGroup = F3402561177C770726D47867 /* Products */;
			projectDirPath = "";
			projectRoot = "";
			targets = (
				DD65FB976A781FD6AE359B67 /* DishFinder */,
			);
		};
/* End PBXProject section */

/* Begin PBXResourcesBuildPhase section */
		CD70E11701084FDD61CC4D4A /* Resources */ = {
			isa = PBXResourcesBuildPhase;
			buildActionMask = 2147483647;
			files = (
				7621D5A62BC7E8AD002DCBE9 /* MobileAdsBundle.bundle in Resources */,
				9F1E8AC0552C87F085C2D1BB /* Assets.xcassets in Resources */,
				B11D975CDE977947E5657F3C /* LaunchScreen.storyboard in Resources */,
			);
			runOnlyForDeploymentPostprocessing = 0;
		};
/* End PBXResourcesBuildPhase section */

/* Begin PBXShellScriptBuildPhase section */
		0554275B375391224B114635 /* swiftLintScript */ = {
			isa = PBXShellScriptBuildPhase;
			buildActionMask = 2147483647;
			files = (
			);
			inputFileListPaths = (
			);
			inputPaths = (
			);
			name = swiftLintScript;
			outputFileListPaths = (
			);
			outputPaths = (
			);
			runOnlyForDeploymentPostprocessing = 0;
			shellPath = /bin/sh;
			shellScript = "if [[ \"$(uname -m)\" == arm64 ]]; then\n    export PATH=\"/opt/homebrew/bin:$PATH\"\nfi\n\nif which swiftlint >/dev/null; then\n  swiftlint --fix --format\n  swiftlint\nelse\n  echo \"warning: SwiftLint not installed, download from https://github.com/realm/SwiftLint\"\nfi";
		};
/* End PBXShellScriptBuildPhase section */

/* Begin PBXSourcesBuildPhase section */
		9E8E83F0C5C9277948E9382F /* Sources */ = {
			isa = PBXSourcesBuildPhase;
			buildActionMask = 2147483647;
			files = (
				92179C89F4F93447EEB65C57 /* TuistAssets+DishFinder.swift in Sources */,
				FDDB7078B3FB634280010DFE /* TuistBundle+DishFinder.swift in Sources */,
				2C3B35DC814958C222A0466F /* AppDelegate.swift in Sources */,
				2547932AA0D9D7E0C7280241 /* BasketAssembly.swift in Sources */,
				0C813E6E9103AB4B9F5A468B /* DishAssembly.swift in Sources */,
				53A9CDB094C2F2B4B9C99AB2 /* LikeAssembly.swift in Sources */,
				F32058C24DC4F5C05335FBA6 /* ProductsAssembly.swift in Sources */,
				67FF9D1917864AD1B073CCF2 /* ProfileAssembly.swift in Sources */,
				FEEFAAA35004F9228196E908 /* TabBarAssembly.swift in Sources */,
				BC69512F57C6823ADF76AB2A /* RegisterAssembly.swift in Sources */,
				7F16AE1E62CC6A246B6A7448 /* BasketPresenter.swift in Sources */,
				EC34D489990193AF9857ED78 /* BasketPresenterProtocol.swift in Sources */,
				B9C5CDF459AC56E14B2125CA /* BasketInput.swift in Sources */,
				6D167183B3F71889040143F6 /* BasketViewController.swift in Sources */,
				E499C45B75BB41866EC08F7A /* DishPresenter.swift in Sources */,
				C657AB129A48A99E1647717B /* DishPresenterProtocol.swift in Sources */,
				9916F0A744C46D55C5F10278 /* DishInput.swift in Sources */,
				20FBCC17A4019C81536079A7 /* DishViewController.swift in Sources */,
				65635211D14A38021AF7BEA1 /* LikePresenter.swift in Sources */,
				376DFD40F20D311CE2362987 /* LikePresenterProtocol.swift in Sources */,
				29E1E878E4E49FD9A1498F84 /* LikeInput.swift in Sources */,
				1EDF8E36886174986C72D5FC /* LikeViewController.swift in Sources */,
				5E18354B4A1E6DDD56E7A3DA /* ProductsPresenter.swift in Sources */,
				A575E14E94AD2A8246E06193 /* ProductsPresenterProtocol.swift in Sources */,
				A8B47715AA85DA243B7BE576 /* ProductsInput.swift in Sources */,
				69FB13ADA86F0763777C698B /* ProductsViewController.swift in Sources */,
				69D5198FEB7CC48763ACBA51 /* ProfilePresenter.swift in Sources */,
				AA989236A6599928B66F7722 /* ProfilePresenterProtocol.swift in Sources */,
				2231C7FABBFC42157BFFC254 /* ProfileInput.swift in Sources */,
				469F7C8534F58521DF9C5926 /* ProfileViewController.swift in Sources */,
				64568D66941CD42275689266 /* TabBarPresenter.swift in Sources */,
				F40D829B002FE225CB4CC130 /* TabBarPresenterProtocol.swift in Sources */,
				54E0683E6B63238A34818DFE /* TabBarInput.swift in Sources */,
				4DC72857DD8AE421DBE7958C /* TabBarViewController.swift in Sources */,
				048B4A5D93FE40C550C455BB /* ViewController.swift in Sources */,
			);
			runOnlyForDeploymentPostprocessing = 0;
		};
/* End PBXSourcesBuildPhase section */

/* Begin XCBuildConfiguration section */
		A78EB7929167C94E6559D22E /* Release */ = {
			isa = XCBuildConfiguration;
			buildSettings = {
				ALWAYS_SEARCH_USER_PATHS = NO;
				CLANG_ANALYZER_LOCALIZABILITY_NONLOCALIZED = YES;
				CLANG_ANALYZER_NONNULL = YES;
				CLANG_ANALYZER_NUMBER_OBJECT_CONVERSION = YES_AGGRESSIVE;
				CLANG_CXX_LANGUAGE_STANDARD = "gnu++14";
				CLANG_CXX_LIBRARY = "libc++";
				CLANG_ENABLE_MODULES = YES;
				CLANG_ENABLE_OBJC_ARC = YES;
				CLANG_ENABLE_OBJC_WEAK = YES;
				CLANG_WARN_BLOCK_CAPTURE_AUTORELEASING = YES;
				CLANG_WARN_BOOL_CONVERSION = YES;
				CLANG_WARN_COMMA = YES;
				CLANG_WARN_CONSTANT_CONVERSION = YES;
				CLANG_WARN_DEPRECATED_OBJC_IMPLEMENTATIONS = YES;
				CLANG_WARN_DIRECT_OBJC_ISA_USAGE = YES_ERROR;
				CLANG_WARN_DOCUMENTATION_COMMENTS = YES;
				CLANG_WARN_EMPTY_BODY = YES;
				CLANG_WARN_ENUM_CONVERSION = YES;
				CLANG_WARN_INFINITE_RECURSION = YES;
				CLANG_WARN_INT_CONVERSION = YES;
				CLANG_WARN_NON_LITERAL_NULL_CONVERSION = YES;
				CLANG_WARN_OBJC_IMPLICIT_RETAIN_SELF = YES;
				CLANG_WARN_OBJC_LITERAL_CONVERSION = YES;
				CLANG_WARN_OBJC_ROOT_CLASS = YES_ERROR;
				CLANG_WARN_QUOTED_INCLUDE_IN_FRAMEWORK_HEADER = YES;
				CLANG_WARN_RANGE_LOOP_ANALYSIS = YES;
				CLANG_WARN_STRICT_PROTOTYPES = YES;
				CLANG_WARN_SUSPICIOUS_MOVE = YES;
				CLANG_WARN_UNGUARDED_AVAILABILITY = YES_AGGRESSIVE;
				CLANG_WARN_UNREACHABLE_CODE = YES;
				CLANG_WARN__DUPLICATE_METHOD_MATCH = YES;
				COPY_PHASE_STRIP = NO;
				CURRENT_PROJECT_VERSION = 1;
				DEAD_CODE_STRIPPING = YES;
				DEBUG_INFORMATION_FORMAT = "dwarf-with-dsym";
				ENABLE_NS_ASSERTIONS = NO;
				ENABLE_STRICT_OBJC_MSGSEND = YES;
				GCC_C_LANGUAGE_STANDARD = gnu11;
				GCC_NO_COMMON_BLOCKS = YES;
				GCC_WARN_64_TO_32_BIT_CONVERSION = YES;
				GCC_WARN_ABOUT_RETURN_TYPE = YES_ERROR;
				GCC_WARN_UNDECLARED_SELECTOR = YES;
				GCC_WARN_UNINITIALIZED_AUTOS = YES_AGGRESSIVE;
				GCC_WARN_UNUSED_FUNCTION = YES;
				GCC_WARN_UNUSED_VARIABLE = YES;
				MARKETING_VERSION = 1.0;
				MTL_ENABLE_DEBUG_INFO = NO;
				OTHER_LDFLAGS = "-ObjC";
				PRODUCT_NAME = "$(TARGET_NAME)";
				VALIDATE_PRODUCT = YES;
				VERSIONING_SYSTEM = "apple-generic";
			};
			name = Release;
		};
		AAB1F03AA3DC8CF8B388A4BC /* Release */ = {
			isa = XCBuildConfiguration;
			buildSettings = {
				ASSETCATALOG_COMPILER_APPICON_NAME = AppIcon;
				CODE_SIGN_IDENTITY = "iPhone Developer";
				ENABLE_PREVIEWS = YES;
				INFOPLIST_FILE = DishFinder/Info.plist;
				IPHONEOS_DEPLOYMENT_TARGET = 14.0;
				LD_RUNPATH_SEARCH_PATHS = (
					"$(inherited)",
					"@executable_path/Frameworks",
				);
				PRODUCT_BUNDLE_IDENTIFIER = maksim.gurkov.DishFinder;
				PRODUCT_NAME = DishFinder;
				SDKROOT = iphoneos;
				SUPPORTS_MACCATALYST = NO;
				SUPPORTS_MAC_DESIGNED_FOR_IPHONE_IPAD = YES;
				SUPPORTS_XR_DESIGNED_FOR_IPHONE_IPAD = NO;
				SWIFT_COMPILATION_MODE = wholemodule;
				SWIFT_OPTIMIZATION_LEVEL = "-Owholemodule";
				SWIFT_VERSION = 5.0;
				TARGETED_DEVICE_FAMILY = "1,2";
			};
			name = Release;
		};
		AC864AAB00EEDF02C754D587 /* Debug */ = {
			isa = XCBuildConfiguration;
			buildSettings = {
				ALWAYS_SEARCH_USER_PATHS = NO;
				CLANG_ANALYZER_LOCALIZABILITY_NONLOCALIZED = YES;
				CLANG_ANALYZER_NONNULL = YES;
				CLANG_ANALYZER_NUMBER_OBJECT_CONVERSION = YES_AGGRESSIVE;
				CLANG_CXX_LANGUAGE_STANDARD = "gnu++14";
				CLANG_CXX_LIBRARY = "libc++";
				CLANG_ENABLE_MODULES = YES;
				CLANG_ENABLE_OBJC_ARC = YES;
				CLANG_ENABLE_OBJC_WEAK = YES;
				CLANG_WARN_BLOCK_CAPTURE_AUTORELEASING = YES;
				CLANG_WARN_BOOL_CONVERSION = YES;
				CLANG_WARN_COMMA = YES;
				CLANG_WARN_CONSTANT_CONVERSION = YES;
				CLANG_WARN_DEPRECATED_OBJC_IMPLEMENTATIONS = YES;
				CLANG_WARN_DIRECT_OBJC_ISA_USAGE = YES_ERROR;
				CLANG_WARN_DOCUMENTATION_COMMENTS = YES;
				CLANG_WARN_EMPTY_BODY = YES;
				CLANG_WARN_ENUM_CONVERSION = YES;
				CLANG_WARN_INFINITE_RECURSION = YES;
				CLANG_WARN_INT_CONVERSION = YES;
				CLANG_WARN_NON_LITERAL_NULL_CONVERSION = YES;
				CLANG_WARN_OBJC_IMPLICIT_RETAIN_SELF = YES;
				CLANG_WARN_OBJC_LITERAL_CONVERSION = YES;
				CLANG_WARN_OBJC_ROOT_CLASS = YES_ERROR;
				CLANG_WARN_QUOTED_INCLUDE_IN_FRAMEWORK_HEADER = YES;
				CLANG_WARN_RANGE_LOOP_ANALYSIS = YES;
				CLANG_WARN_STRICT_PROTOTYPES = YES;
				CLANG_WARN_SUSPICIOUS_MOVE = YES;
				CLANG_WARN_UNGUARDED_AVAILABILITY = YES_AGGRESSIVE;
				CLANG_WARN_UNREACHABLE_CODE = YES;
				CLANG_WARN__DUPLICATE_METHOD_MATCH = YES;
				COPY_PHASE_STRIP = NO;
				CURRENT_PROJECT_VERSION = 1;
				DEAD_CODE_STRIPPING = YES;
				DEBUG_INFORMATION_FORMAT = dwarf;
				ENABLE_STRICT_OBJC_MSGSEND = YES;
				ENABLE_TESTABILITY = YES;
				GCC_C_LANGUAGE_STANDARD = gnu11;
				GCC_DYNAMIC_NO_PIC = NO;
				GCC_NO_COMMON_BLOCKS = YES;
				GCC_OPTIMIZATION_LEVEL = 0;
				GCC_PREPROCESSOR_DEFINITIONS = (
					"DEBUG=1",
					"$(inherited)",
				);
				GCC_WARN_64_TO_32_BIT_CONVERSION = YES;
				GCC_WARN_ABOUT_RETURN_TYPE = YES_ERROR;
				GCC_WARN_UNDECLARED_SELECTOR = YES;
				GCC_WARN_UNINITIALIZED_AUTOS = YES_AGGRESSIVE;
				GCC_WARN_UNUSED_FUNCTION = YES;
				GCC_WARN_UNUSED_VARIABLE = YES;
				MARKETING_VERSION = 1.0;
				MTL_ENABLE_DEBUG_INFO = YES;
				ONLY_ACTIVE_ARCH = YES;
				OTHER_LDFLAGS = "-ObjC";
				PRODUCT_NAME = "$(TARGET_NAME)";
				VERSIONING_SYSTEM = "apple-generic";
			};
			name = Debug;
		};
		D3E4F25EFBD607B2BD3F4B29 /* Debug */ = {
			isa = XCBuildConfiguration;
			buildSettings = {
				ASSETCATALOG_COMPILER_APPICON_NAME = AppIcon;
				CODE_SIGN_IDENTITY = "iPhone Developer";
				ENABLE_PREVIEWS = YES;
				INFOPLIST_FILE = DishFinder/Info.plist;
				IPHONEOS_DEPLOYMENT_TARGET = 14.0;
				LD_RUNPATH_SEARCH_PATHS = (
					"$(inherited)",
					"@executable_path/Frameworks",
				);
				PRODUCT_BUNDLE_IDENTIFIER = maksim.gurkov.DishFinder;
				PRODUCT_NAME = DishFinder;
				SDKROOT = iphoneos;
				SUPPORTS_MACCATALYST = NO;
				SUPPORTS_MAC_DESIGNED_FOR_IPHONE_IPAD = YES;
				SUPPORTS_XR_DESIGNED_FOR_IPHONE_IPAD = NO;
				SWIFT_ACTIVE_COMPILATION_CONDITIONS = "$(inherited) DEBUG";
				SWIFT_COMPILATION_MODE = singlefile;
				SWIFT_OPTIMIZATION_LEVEL = "-Onone";
				SWIFT_VERSION = 5.0;
				TARGETED_DEVICE_FAMILY = "1,2";
			};
			name = Debug;
		};
/* End XCBuildConfiguration section */

/* Begin XCConfigurationList section */
		2EC4F30562EDA4DC21BE35BF /* Build configuration list for PBXNativeTarget "DishFinder" */ = {
			isa = XCConfigurationList;
			buildConfigurations = (
				D3E4F25EFBD607B2BD3F4B29 /* Debug */,
				AAB1F03AA3DC8CF8B388A4BC /* Release */,
			);
			defaultConfigurationIsVisible = 0;
			defaultConfigurationName = Release;
		};
		7FC85DBF287A9183B70349F9 /* Build configuration list for PBXProject "DishFinder" */ = {
			isa = XCConfigurationList;
			buildConfigurations = (
				AC864AAB00EEDF02C754D587 /* Debug */,
				A78EB7929167C94E6559D22E /* Release */,
			);
			defaultConfigurationIsVisible = 0;
			defaultConfigurationName = Release;
		};
/* End XCConfigurationList section */

/* Begin XCRemoteSwiftPackageReference section */
		1C888D7E49FB69C0E647A1B0 /* XCRemoteSwiftPackageReference "yandex-ads-sdk-ios" */ = {
			isa = XCRemoteSwiftPackageReference;
			repositoryURL = "https://github.com/yandexmobile/yandex-ads-sdk-ios.git";
			requirement = {
				kind = upToNextMajorVersion;
				minimumVersion = 7.0.0;
			};
		};
/* End XCRemoteSwiftPackageReference section */

/* Begin XCSwiftPackageProductDependency section */
		51925352891C77D148F13082 /* YandexMobileAdsPackage */ = {
			isa = XCSwiftPackageProductDependency;
			productName = YandexMobileAdsPackage;
		};
/* End XCSwiftPackageProductDependency section */
	};
	rootObject = 93FE8FCB5B74FC26BC3E4260 /* Project object */;
}
